{
  "name": "ogl-tools",
  "version": "1.0.0",
  "lockfileVersion": 1,
  "requires": true,
  "dependencies": {
    "dashify": {
      "version": "0.2.2",
      "resolved": "https://registry.npmjs.org/dashify/-/dashify-0.2.2.tgz",
      "integrity": "sha1-agdBWgHJH69KMuONnfunH2HLIP4=",
      "dev": true
    },
    "debounce": {
      "version": "1.2.0",
      "resolved": "https://registry.npmjs.org/debounce/-/debounce-1.2.0.tgz",
      "integrity": "sha512-mYtLl1xfZLi1m4RtQYlZgJUNQjl4ZxVnHzIR8nLLgi4q1YT8o/WM+MK/f8yfcc9s5Ir5zRaPZyZU6xs1Syoocg==",
      "dev": true
    },
    "events": {
      "version": "1.1.1",
      "resolved": "https://registry.npmjs.org/events/-/events-1.1.1.tgz",
      "integrity": "sha1-nr23Y1rQmccNzEwqH1AEKI6L2SQ=",
      "dev": true
    },
    "ogl": {
      "version": "0.0.60",
      "resolved": "https://registry.npmjs.org/ogl/-/ogl-0.0.60.tgz",
      "integrity": "sha512-lUibQAeKjeccUilgWB04UzC18GRWpeCj1IDjDjisOnXz3QVsTGS/FpO6rjexfVQzYTifVLKqtDMpb9AGw9hoXg==",
      "dev": true
    },
    "size": {
      "version": "git+https://github.com/ayamflow/size.git#d2ec4f03f92c8265cf06e1413342f3ee1ad4f5da",
      "from": "git+https://github.com/ayamflow/size.git",
      "dev": true,
      "requires": {
        "debounce": "^1.0.0",
        "tiny-emitter": "^1.0.2"
      },
      "dependencies": {
        "tiny-emitter": {
          "version": "1.2.0",
          "resolved": "https://registry.npmjs.org/tiny-emitter/-/tiny-emitter-1.2.0.tgz",
          "integrity": "sha1-bchFBSywjr78GHRyO1jySmSMO28=",
          "dev": true
        }
      }
    },
    "sniffer": {
      "version": "git+https://github.com/ayamflow/sniffer.git#b53d7cb975b7ff8961355e7721eaade898426ba8",
      "from": "git+https://github.com/ayamflow/sniffer.git",
      "dev": true,
      "requires": {
        "dashify": "^0.2.2"
      }
    },
    "tiny-emitter": {
      "version": "2.1.0",
      "resolved": "https://registry.npmjs.org/tiny-emitter/-/tiny-emitter-2.1.0.tgz",
      "integrity": "sha512-NB6Dk1A9xgQPMoGqC5CVXn123gWyte215ONT5Pp5a0yt4nlEoO1ZWeCwpncaekPHXO60i47ihFnZPiRPjRMq4Q==",
      "dev": true
    },
    "touches": {
      "version": "1.2.2",
      "resolved": "https://registry.npmjs.org/touches/-/touches-1.2.2.tgz",
      "integrity": "sha1-a50iI9fWFroKGTH+mr0fVmGbFsg=",
      "dev": true,
      "requires": {
        "events": "^1.0.2"
      }
    }
  }
}
