{
  "name": "ogl-tools",
  "version": "1.0.0",
  "lockfileVersion": 1,
  "requires": true,
  "dependencies": {
    "debounce": {
      "version": "1.2.1",
      "resolved": "https://registry.npmjs.org/debounce/-/debounce-1.2.1.tgz",
      "integrity": "sha512-XRRe6Glud4rd/ZGQfiV1ruXSfbvfJedlV9Y6zOlP+2K04vBYiJEte6stfFkCP03aMnY5tsipamumUjL14fofug=="
    },
    "events": {
      "version": "1.1.1",
      "resolved": "https://registry.npmjs.org/events/-/events-1.1.1.tgz",
      "integrity": "sha1-nr23Y1rQmccNzEwqH1AEKI6L2SQ="
    },
    "ogl": {
      "version": "0.0.73",
      "resolved": "https://registry.npmjs.org/ogl/-/ogl-0.0.73.tgz",
      "integrity": "sha512-0J3oycwHplvpBRDELODURGVBzb0SrEK6rpEl3l7EU6XDaeqB0+vUbTrGZ65tdgQYnl5HONKZDYoqKZy2kISprg=="
    },
    "size": {
      "version": "github:ayamflow/size#c50bb6b9fa019cf34654d0849c087e7b5b891122",
      "from": "github:ayamflow/size",
      "requires": {
        "debounce": "^1.0.0",
        "tiny-emitter": "^1.0.2"
      },
      "dependencies": {
        "tiny-emitter": {
          "version": "1.2.0",
          "resolved": "https://registry.npmjs.org/tiny-emitter/-/tiny-emitter-1.2.0.tgz",
          "integrity": "sha1-bchFBSywjr78GHRyO1jySmSMO28="
        }
      }
    },
    "sniffer": {
      "version": "git+https://github.com/ayamflow/ogl-tools.git#4f98fdae9335343fc3e4cebce2caf62f0b8aa5b7",
      "from": "git+https://github.com/ayamflow/ogl-tools.git",
      "requires": {
        "ogl": "0.0.60",
        "size": "github:ayamflow/size",
        "sniffer": "git+https://github.com/ayamflow/ogl-tools.git",
        "tiny-emitter": "^2.1.0",
        "touches": "^1.2.2"
      },
      "dependencies": {
        "ogl": {
          "version": "0.0.60",
          "resolved": "https://registry.npmjs.org/ogl/-/ogl-0.0.60.tgz",
          "integrity": "sha512-lUibQAeKjeccUilgWB04UzC18GRWpeCj1IDjDjisOnXz3QVsTGS/FpO6rjexfVQzYTifVLKqtDMpb9AGw9hoXg=="
        }
      }
    },
    "tiny-emitter": {
      "version": "2.1.0",
      "resolved": "https://registry.npmjs.org/tiny-emitter/-/tiny-emitter-2.1.0.tgz",
      "integrity": "sha512-NB6Dk1A9xgQPMoGqC5CVXn123gWyte215ONT5Pp5a0yt4nlEoO1ZWeCwpncaekPHXO60i47ihFnZPiRPjRMq4Q=="
    },
    "touches": {
      "version": "1.2.2",
      "resolved": "https://registry.npmjs.org/touches/-/touches-1.2.2.tgz",
      "integrity": "sha1-a50iI9fWFroKGTH+mr0fVmGbFsg=",
      "requires": {
        "events": "^1.0.2"
      }
    }
  }
}
