{
  "name": "ogl-tools",
  "version": "1.0.0",
  "lockfileVersion": 1,
  "requires": true,
  "dependencies": {
    "tweakpane-image-plugin": {
      "version": "github:ayamflow/tweakpane-image-plugin#c6a2fbe33f15d825b1dc08eaea7263afd1d9fcb0",
      "from": "github:ayamflow/tweakpane-image-plugin"
    }
  }
}
